
Microsoft Visual Studio Solution File, Format Version 12.00
# Visual Studio Version 16
VisualStudioVersion = 16.0.30804.86
MinimumVisualStudioVersion = 10.0.40219.1
Project("{FAE04EC0-301F-11D3-BF4B-00C04F79EFBC}") = "GrpcServer", "GrpcServer\GrpcServer.csproj", "{738C64C2-AF38-4FEA-99F1-5D8E4DF12F93}"
EndProject
Project("{FAE04EC0-301F-11D3-BF4B-00C04F79EFBC}") = "GrpcClient", "GrpcClient\GrpcClient.csproj", "{081163EA-CA76-4E65-9243-259B8C5A9C7E}"
EndProject
Global
	GlobalSection(SolutionConfigurationPlatforms) = preSolution
		Debug|Any CPU = Debug|Any CPU
		Release|Any CPU = Release|Any CPU
	EndGlobalSection
	GlobalSection(ProjectConfigurationPlatforms) = postSolution
		{738C64C2-AF38-4FEA-99F1-5D8E4DF12F93}.Debug|Any CPU.ActiveCfg = Debug|Any CPU
		{738C64C2-AF38-4FEA-99F1-5D8E4DF12F93}.Debug|Any CPU.Build.0 = Debug|Any CPU
		{738C64C2-AF38-4FEA-99F1-5D8E4DF12F93}.Release|Any CPU.ActiveCfg = Release|Any CPU
		{738C64C2-AF38-4FEA-99F1-5D8E4DF12F93}.Release|Any CPU.Build.0 = Release|Any CPU
		{081163EA-CA76-4E65-9243-259B8C5A9C7E}.Debug|Any CPU.ActiveCfg = Debug|Any CPU
		{081163EA-CA76-4E65-9243-259B8C5A9C7E}.Debug|Any CPU.Build.0 = Debug|Any CPU
		{081163EA-CA76-4E65-9243-259B8C5A9C7E}.Release|Any CPU.ActiveCfg = Release|Any CPU
		{081163EA-CA76-4E65-9243-259B8C5A9C7E}.Release|Any CPU.Build.0 = Release|Any CPU
	EndGlobalSection
	GlobalSection(SolutionProperties) = preSolution
		HideSolutionNode = FALSE
	EndGlobalSection
	GlobalSection(ExtensibilityGlobals) = postSolution
		SolutionGuid = {162B0C24-6062-430E-BE8B-72D781AB36E3}
	EndGlobalSection
EndGlobal
